
Microsoft Visual Studio Solution File, Format Version 12.00
# Visual Studio Version 17
VisualStudioVersion = 17.14.36623.8 d17.14
MinimumVisualStudioVersion = 10.0.40219.1
Project("{FAE04EC0-301F-11D3-BF4B-00C04F79EFBC}") = "StockFlow.API", "StockFlow.API\StockFlow.API.csproj", "{F877F392-9FD4-471F-AF82-F83200D04351}"
EndProject
Global
	GlobalSection(SolutionConfigurationPlatforms) = preSolution
		Debug|Any CPU = Debug|Any CPU
		Release|Any CPU = Release|Any CPU
	EndGlobalSection
	GlobalSection(ProjectConfigurationPlatforms) = postSolution
		{F877F392-9FD4-471F-AF82-F83200D04351}.Debug|Any CPU.ActiveCfg = Debug|Any CPU
		{F877F392-9FD4-471F-AF82-F83200D04351}.Debug|Any CPU.Build.0 = Debug|Any CPU
		{F877F392-9FD4-471F-AF82-F83200D04351}.Release|Any CPU.ActiveCfg = Release|Any CPU
		{F877F392-9FD4-471F-AF82-F83200D04351}.Release|Any CPU.Build.0 = Release|Any CPU
	EndGlobalSection
	GlobalSection(SolutionProperties) = preSolution
		HideSolutionNode = FALSE
	EndGlobalSection
	GlobalSection(ExtensibilityGlobals) = postSolution
		SolutionGuid = {7DBC2A95-5B36-4E84-BB29-5BD613F8E534}
	EndGlobalSection
EndGlobal
